{
  "nodes": {
    "catppuccin": {
      "inputs": {
        "nixpkgs": "nixpkgs"
      },
      "locked": {
        "lastModified": 1783449009,
        "narHash": "sha256-BJYTl6uZ0PRzOjjxaPHnfEifkTwf63uXwWfjrplRoL0=",
        "owner": "catppuccin",
        "repo": "nix",
        "rev": "da2bb1bb2ed82749c56b34f940e0af9339d72533",
        "type": "github"
      },
      "original": {
        "owner": "catppuccin",
        "repo": "nix",
        "type": "github"
      }
    },
    "flake-compat": {
      "locked": {
        "lastModified": 1733328505,
        "narHash": "sha256-NeCCThCEP3eCl2l/+27kNNK7QrwZB1IJCrXfrbv5oqU=",
        "rev": "ff81ac966bb2cae68946d5ed5fc4994f96d0ffec",
        "revCount": 69,
        "type": "tarball",
        "url": "https://api.flakehub.com/f/pinned/edolstra/flake-compat/1.1.0/01948eb7-9cba-704f-bbf3-3fa956735b52/source.tar.gz"
      },
      "original": {
        "type": "tarball",
        "url": "https://flakehub.com/f/edolstra/flake-compat/1.tar.gz"
      }
    },
    "flake-file": {
      "locked": {
        "lastModified": 1781217157,
        "narHash": "sha256-N3q/SP2Ropk336e9KSgLh7kpROY6P70dprYdbPIfd5c=",
        "owner": "vic",
        "repo": "flake-file",
        "rev": "ce63eaf7ebfe04a176653f66385a7f0a36380cee",
        "type": "github"
      },
      "original": {
        "owner": "vic",
        "repo": "flake-file",
        "type": "github"
      }
    },
    "flake-parts": {
      "inputs": {
        "nixpkgs-lib": [
          "nixpkgs"
        ]
      },
      "locked": {
        "lastModified": 1782949081,
        "narHash": "sha256-vp6Y/Grm98ESt6ceOkWiHWyZRDV3J1RID4w+6NWK9yA=",
        "owner": "hercules-ci",
        "repo": "flake-parts",
        "rev": "17c9d6cdfc60c64f4ee8d306f9bc0b4ccb51481e",
        "type": "github"
      },
      "original": {
        "owner": "hercules-ci",
        "repo": "flake-parts",
        "type": "github"
      }
    },
    "flake-parts_2": {
      "inputs": {
        "nixpkgs-lib": "nixpkgs-lib"
      },
      "locked": {
        "lastModified": 1782949081,
        "narHash": "sha256-vp6Y/Grm98ESt6ceOkWiHWyZRDV3J1RID4w+6NWK9yA=",
        "owner": "hercules-ci",
        "repo": "flake-parts",
        "rev": "17c9d6cdfc60c64f4ee8d306f9bc0b4ccb51481e",
        "type": "github"
      },
      "original": {
        "owner": "hercules-ci",
        "repo": "flake-parts",
        "type": "github"
      }
    },
    "flake-utils": {
      "inputs": {
        "systems": "systems_5"
      },
      "locked": {
        "lastModified": 1731533236,
        "narHash": "sha256-l0KFg5HjrsfsO/JpG+r7fRrqm12kzFHyUHqHCVpMMbI=",
        "owner": "numtide",
        "repo": "flake-utils",
        "rev": "11707dc2f618dd54ca8739b309ec4fc024de578b",
        "type": "github"
      },
      "original": {
        "owner": "numtide",
        "repo": "flake-utils",
        "type": "github"
      }
    },
    "gslapper": {
      "inputs": {
        "flake-utils": [
          "sysc",
          "flake-utils"
        ],
        "nixpkgs": [
          "sysc",
          "nixpkgs"
        ]
      },
      "locked": {
        "lastModified": 1771646943,
        "narHash": "sha256-9xRcrQaiNVQzynncoWepaT4SzzMeZoFopIcuPIch2iY=",
        "owner": "Nomadcxx",
        "repo": "gSlapper",
        "rev": "6e18f69f21f1b3ef1afb1c7b8eaf1b4890a716ef",
        "type": "github"
      },
      "original": {
        "owner": "Nomadcxx",
        "repo": "gSlapper",
        "type": "github"
      }
    },
    "home-manager": {
      "inputs": {
        "nixpkgs": [
          "nixpkgs"
        ]
      },
      "locked": {
        "lastModified": 1783436070,
        "narHash": "sha256-F80z1JoiJgZyTT5D+3siLOVzqmCEphLR7t0Ym/I2CLI=",
        "owner": "nix-community",
        "repo": "home-manager",
        "rev": "f09af49406ffad37acb6538d3207189a1a1e0b7e",
        "type": "github"
      },
      "original": {
        "owner": "nix-community",
        "repo": "home-manager",
        "type": "github"
      }
    },
    "hyprlang": {
      "inputs": {
        "nixpkgs": [
          "rose-pine-hyprcursor",
          "nixpkgs"
        ],
        "systems": "systems_2"
      },
      "locked": {
        "lastModified": 1709914708,
        "narHash": "sha256-bR4o3mynoTa1Wi4ZTjbnsZ6iqVcPGriXp56bZh5UFTk=",
        "owner": "hyprwm",
        "repo": "hyprlang",
        "rev": "a685493fdbeec01ca8ccdf1f3655c044a8ce2fe2",
        "type": "github"
      },
      "original": {
        "owner": "hyprwm",
        "repo": "hyprlang",
        "type": "github"
      }
    },
    "import-tree": {
      "locked": {
        "lastModified": 1778781969,
        "narHash": "sha256-Jjuz5CmSkur8KvLDoGa+vylEp+RkQtv4mt/qcMznpH0=",
        "owner": "vic",
        "repo": "import-tree",
        "rev": "d321337efd0f23a9eb14a42adb7b2c29313ab274",
        "type": "github"
      },
      "original": {
        "owner": "vic",
        "repo": "import-tree",
        "type": "github"
      }
    },
    "nix-darwin": {
      "inputs": {
        "nixpkgs": [
          "nixpkgs"
        ]
      },
      "locked": {
        "lastModified": 1783395956,
        "narHash": "sha256-AAbexQvDoK+6GFJdhY6kqjA+6ECKRkidgWxkn4gMwAA=",
        "owner": "nix-darwin",
        "repo": "nix-darwin",
        "rev": "d5bd9cd77aea4c0a8f49e7fd85545671a208ed15",
        "type": "github"
      },
      "original": {
        "owner": "nix-darwin",
        "ref": "master",
        "repo": "nix-darwin",
        "type": "github"
      }
    },
    "nix-flatpak": {
      "locked": {
        "lastModified": 1783368811,
        "narHash": "sha256-0H8jDwR4Kegb3heaTrH1ftbgKfZVDT8JE+46uXxDy/Q=",
        "owner": "gmodena",
        "repo": "nix-flatpak",
        "rev": "20d42f0ee98c9fe9f85e8d1de474f1409ed10d05",
        "type": "github"
      },
      "original": {
        "owner": "gmodena",
        "repo": "nix-flatpak",
        "type": "github"
      }
    },
    "nixcord": {
      "inputs": {
        "flake-compat": "flake-compat",
        "flake-parts": "flake-parts_2",
        "nixpkgs": "nixpkgs_2",
        "nixpkgs-nixcord": "nixpkgs-nixcord"
      },
      "locked": {
        "lastModified": 1783448630,
        "narHash": "sha256-ymGXQlPWLyq4iWiFUgqHB7j8hKv8a2/pm5K6BEsyEt4=",
        "owner": "kaylorben",
        "repo": "nixcord",
        "rev": "bd25941df7e494f1d31f28b4f6a8182362fec781",
        "type": "github"
      },
      "original": {
        "owner": "kaylorben",
        "repo": "nixcord",
        "type": "github"
      }
    },
    "nixpkgs": {
      "locked": {
        "lastModified": 1782918843,
        "narHash": "sha256-mFP086y1bNA1g9AsY/pCue3H3W2R7ayroHyRbZrcMf0=",
        "rev": "e8273b29fe1390ec8d4603f2477357555291432e",
        "type": "tarball",
        "url": "https://releases.nixos.org/nixpkgs/nixpkgs-26.11pre1025900.e8273b29fe13/nixexprs.tar.xz"
      },
      "original": {
        "type": "tarball",
        "url": "https://channels.nixos.org/nixpkgs-unstable/nixexprs.tar.xz"
      }
    },
    "nixpkgs-lib": {
      "locked": {
        "lastModified": 1782614948,
        "narHash": "sha256-ePjCwr1sNm9NYUqywL7QfK3JnlS015msC+eBu2zKlp8=",
        "owner": "nix-community",
        "repo": "nixpkgs.lib",
        "rev": "db3f255737b94216eb71cce308e2912cf6bc2d7c",
        "type": "github"
      },
      "original": {
        "owner": "nix-community",
        "repo": "nixpkgs.lib",
        "type": "github"
      }
    },
    "nixpkgs-nixcord": {
      "locked": {
        "lastModified": 1782999065,
        "narHash": "sha256-5Dgj5+pIQYZKrXUGaLCk7CKfN3MmpwIhO94++WVxvng=",
        "owner": "NixOS",
        "repo": "nixpkgs",
        "rev": "80d591ed473cfc46329932c2aadac9b435342c7c",
        "type": "github"
      },
      "original": {
        "owner": "NixOS",
        "ref": "nixos-26.05",
        "repo": "nixpkgs",
        "type": "github"
      }
    },
    "nixpkgs_2": {
      "locked": {
        "lastModified": 1782999065,
        "narHash": "sha256-5Dgj5+pIQYZKrXUGaLCk7CKfN3MmpwIhO94++WVxvng=",
        "owner": "NixOS",
        "repo": "nixpkgs",
        "rev": "80d591ed473cfc46329932c2aadac9b435342c7c",
        "type": "github"
      },
      "original": {
        "owner": "NixOS",
        "ref": "nixos-26.05",
        "repo": "nixpkgs",
        "type": "github"
      }
    },
    "nixpkgs_3": {
      "locked": {
        "lastModified": 1783279667,
        "narHash": "sha256-2l8yOB5aYd+05Q9V9Y1YhgbSa1j1o5QX+nvYs5FL80A=",
        "rev": "f205b5574fd0cb7da5b702a2da51507b7f4fdd1b",
        "type": "tarball",
        "url": "https://releases.nixos.org/nixpkgs/nixpkgs-26.11pre1028110.f205b5574fd0/nixexprs.tar.xz"
      },
      "original": {
        "type": "tarball",
        "url": "https://channels.nixos.org/nixpkgs-unstable/nixexprs.tar.xz"
      }
    },
    "nixpkgs_4": {
      "locked": {
        "lastModified": 1710272261,
        "narHash": "sha256-g0bDwXFmTE7uGDOs9HcJsfLFhH7fOsASbAuOzDC+fhQ=",
        "owner": "NixOS",
        "repo": "nixpkgs",
        "rev": "0ad13a6833440b8e238947e47bea7f11071dc2b2",
        "type": "github"
      },
      "original": {
        "owner": "NixOS",
        "ref": "nixos-unstable",
        "repo": "nixpkgs",
        "type": "github"
      }
    },
    "nixpkgs_5": {
      "locked": {
        "lastModified": 1782175435,
        "narHash": "sha256-EMzXKmnOtBQ2MnvpiNOm7E+kOMvdPrIKaeg52Tip2Uk=",
        "owner": "NixOS",
        "repo": "nixpkgs",
        "rev": "89570f24e97e614aa34aa9ab1c927b6578a43775",
        "type": "github"
      },
      "original": {
        "owner": "NixOS",
        "ref": "nixpkgs-unstable",
        "repo": "nixpkgs",
        "type": "github"
      }
    },
    "nixpkgs_6": {
      "locked": {
        "lastModified": 1783224372,
        "narHash": "sha256-FGQ8TfSm9WviNE/fQAWsKs+y4GkX8fU4EScewpw54Y8=",
        "rev": "d407951447dcd00442e97087bf374aad70c04cea",
        "type": "tarball",
        "url": "https://releases.nixos.org/nixos/unstable/nixos-26.11pre1027867.d407951447dc/nixexprs.tar.xz"
      },
      "original": {
        "type": "tarball",
        "url": "https://channels.nixos.org/nixos-unstable/nixexprs.tar.xz"
      }
    },
    "nixpkgs_7": {
      "locked": {
        "lastModified": 1780749050,
        "narHash": "sha256-3av0pIjlOWQ6rDbNOmpUSvbNnJkGORQKKjb4LtCZsIY=",
        "owner": "NixOS",
        "repo": "nixpkgs",
        "rev": "a799d3e3886da994fa307f817a6bc705ae538eeb",
        "type": "github"
      },
      "original": {
        "owner": "NixOS",
        "ref": "nixos-unstable",
        "repo": "nixpkgs",
        "type": "github"
      }
    },
    "noctalia": {
      "inputs": {
        "nixpkgs": [
          "nixpkgs"
        ]
      },
      "locked": {
        "lastModified": 1783434244,
        "narHash": "sha256-htyNZPgi5ZfT8CpALQ7MpwU2odWNL/jifoQQ/S4WVQ4=",
        "owner": "noctalia-dev",
        "repo": "noctalia-shell",
        "rev": "b57faefe739b69a07199763eb98e85102c402d0b",
        "type": "github"
      },
      "original": {
        "owner": "noctalia-dev",
        "repo": "noctalia-shell",
        "type": "github"
      }
    },
    "noctalia-qs": {
      "inputs": {
        "nixpkgs": [
          "nixpkgs"
        ],
        "systems": "systems",
        "treefmt-nix": "treefmt-nix"
      },
      "locked": {
        "lastModified": 1783216767,
        "narHash": "sha256-FkqDSA3wLaUqTR7E8zp1WrKuJGHs6Bq1jlnrRgJ/DHE=",
        "owner": "noctalia-dev",
        "repo": "noctalia-qs",
        "rev": "c5571f5cbc39072e59e0ca7d56f8b5a2397d7fe1",
        "type": "github"
      },
      "original": {
        "owner": "noctalia-dev",
        "repo": "noctalia-qs",
        "type": "github"
      }
    },
    "root": {
      "inputs": {
        "catppuccin": "catppuccin",
        "flake-file": "flake-file",
        "flake-parts": "flake-parts",
        "home-manager": "home-manager",
        "import-tree": "import-tree",
        "nix-darwin": "nix-darwin",
        "nix-flatpak": "nix-flatpak",
        "nixcord": "nixcord",
        "nixpkgs": "nixpkgs_3",
        "noctalia": "noctalia",
        "noctalia-qs": "noctalia-qs",
        "rose-pine-hyprcursor": "rose-pine-hyprcursor",
        "sops-nix": "sops-nix",
        "spicetify-nix": "spicetify-nix",
        "sysc": "sysc"
      }
    },
    "rose-pine-hyprcursor": {
      "inputs": {
        "hyprlang": "hyprlang",
        "nixpkgs": "nixpkgs_4",
        "utils": "utils"
      },
      "locked": {
        "lastModified": 1748096947,
        "narHash": "sha256-ouuA8LVBXzrbYwPW2vNjh7fC9H2UBud/1tUiIM5vPvM=",
        "owner": "ndom91",
        "repo": "rose-pine-hyprcursor",
        "rev": "4b02963d0baf0bee18725cf7c5762b3b3c1392f1",
        "type": "github"
      },
      "original": {
        "owner": "ndom91",
        "repo": "rose-pine-hyprcursor",
        "type": "github"
      }
    },
    "sops-nix": {
      "inputs": {
        "nixpkgs": "nixpkgs_5"
      },
      "locked": {
        "lastModified": 1783174389,
        "narHash": "sha256-aCWC8ngycU7OdJrU2+Je3qf+1a2ykuBvpPhZT/9tXMc=",
        "owner": "Mic92",
        "repo": "sops-nix",
        "rev": "f1406619a3884cd5c47992a70b8b35c9c0fcb4c9",
        "type": "github"
      },
      "original": {
        "owner": "Mic92",
        "repo": "sops-nix",
        "type": "github"
      }
    },
    "spicetify-nix": {
      "inputs": {
        "nixpkgs": "nixpkgs_6",
        "systems": "systems_4"
      },
      "locked": {
        "lastModified": 1783303713,
        "narHash": "sha256-d6Zs6wD0kvWQXn7qPU0YsuqoqBhT7zi5+1M365FINt8=",
        "owner": "gerg-l",
        "repo": "spicetify-nix",
        "rev": "d9d714243e2f8d10af28db5111f018ec2d77acc9",
        "type": "github"
      },
      "original": {
        "owner": "gerg-l",
        "repo": "spicetify-nix",
        "type": "github"
      }
    },
    "sysc": {
      "inputs": {
        "flake-utils": "flake-utils",
        "gslapper": "gslapper",
        "nixpkgs": "nixpkgs_7"
      },
      "locked": {
        "lastModified": 1783434101,
        "narHash": "sha256-s6l9x8Ax2K4+7DlOA0XfY9JWJPzYjePZnQDomi0bM9c=",
        "owner": "Nomadcxx",
        "repo": "sysc-greet",
        "rev": "4ba323851647ba6d21662a8da3dcdbabbba97889",
        "type": "github"
      },
      "original": {
        "owner": "Nomadcxx",
        "repo": "sysc-greet",
        "type": "github"
      }
    },
    "systems": {
      "locked": {
        "lastModified": 1689347949,
        "narHash": "sha256-12tWmuL2zgBgZkdoB6qXZsgJEH9LR3oUgpaQq2RbI80=",
        "owner": "nix-systems",
        "repo": "default-linux",
        "rev": "31732fcf5e8fea42e59c2488ad31a0e651500f68",
        "type": "github"
      },
      "original": {
        "owner": "nix-systems",
        "repo": "default-linux",
        "type": "github"
      }
    },
    "systems_2": {
      "locked": {
        "lastModified": 1689347949,
        "narHash": "sha256-12tWmuL2zgBgZkdoB6qXZsgJEH9LR3oUgpaQq2RbI80=",
        "owner": "nix-systems",
        "repo": "default-linux",
        "rev": "31732fcf5e8fea42e59c2488ad31a0e651500f68",
        "type": "github"
      },
      "original": {
        "owner": "nix-systems",
        "repo": "default-linux",
        "type": "github"
      }
    },
    "systems_3": {
      "locked": {
        "lastModified": 1681028828,
        "narHash": "sha256-Vy1rq5AaRuLzOxct8nz4T6wlgyUR7zLU309k9mBC768=",
        "owner": "nix-systems",
        "repo": "default",
        "rev": "da67096a3b9bf56a91d16901293e51ba5b49a27e",
        "type": "github"
      },
      "original": {
        "owner": "nix-systems",
        "repo": "default",
        "type": "github"
      }
    },
    "systems_4": {
      "locked": {
        "lastModified": 1681028828,
        "narHash": "sha256-Vy1rq5AaRuLzOxct8nz4T6wlgyUR7zLU309k9mBC768=",
        "owner": "nix-systems",
        "repo": "default",
        "rev": "da67096a3b9bf56a91d16901293e51ba5b49a27e",
        "type": "github"
      },
      "original": {
        "owner": "nix-systems",
        "repo": "default",
        "type": "github"
      }
    },
    "systems_5": {
      "locked": {
        "lastModified": 1681028828,
        "narHash": "sha256-Vy1rq5AaRuLzOxct8nz4T6wlgyUR7zLU309k9mBC768=",
        "owner": "nix-systems",
        "repo": "default",
        "rev": "da67096a3b9bf56a91d16901293e51ba5b49a27e",
        "type": "github"
      },
      "original": {
        "owner": "nix-systems",
        "repo": "default",
        "type": "github"
      }
    },
    "treefmt-nix": {
      "inputs": {
        "nixpkgs": [
          "noctalia-qs",
          "nixpkgs"
        ]
      },
      "locked": {
        "lastModified": 1780220602,
        "narHash": "sha256-eynAfOmbmxJnkp7YewvCEbShNnnYJ9gLLqkzsYtBPeM=",
        "owner": "numtide",
        "repo": "treefmt-nix",
        "rev": "db947814a175b7ca6ded66e21383d938df01c227",
        "type": "github"
      },
      "original": {
        "owner": "numtide",
        "repo": "treefmt-nix",
        "type": "github"
      }
    },
    "utils": {
      "inputs": {
        "systems": "systems_3"
      },
      "locked": {
        "lastModified": 1710146030,
        "narHash": "sha256-SZ5L6eA7HJ/nmkzGG7/ISclqe6oZdOZTNoesiInkXPQ=",
        "owner": "numtide",
        "repo": "flake-utils",
        "rev": "b1d9ab70662946ef0850d488da1c9019f3a9752a",
        "type": "github"
      },
      "original": {
        "owner": "numtide",
        "repo": "flake-utils",
        "type": "github"
      }
    }
  },
  "root": "root",
  "version": 7
}
